
Microsoft Visual Studio Solution File, Format Version 12.00
# Visual Studio 14
VisualStudioVersion = 14.0.25420.1
MinimumVisualStudioVersion = 10.0.40219.1
Project("{FAE04EC0-301F-11D3-BF4B-00C04F79EFBC}") = "Week1.Example3a", "Week1.Example3a\Week1.Example3a.csproj", "{19035241-B362-45A4-85FC-087E9EB0B617}"
EndProject
Project("{FAE04EC0-301F-11D3-BF4B-00C04F79EFBC}") = "Week1.Example3b", "Week1.Example3b\Week1.Example3b.csproj", "{DE13E748-A9BC-48AE-8460-11A13223B74F}"
EndProject
Project("{FAE04EC0-301F-11D3-BF4B-00C04F79EFBC}") = "Week1.Example3c", "Week1.Example3c\Week1.Example3c.csproj", "{5678E051-3FA4-4041-B6D0-30C7299465D8}"
EndProject
Project("{FAE04EC0-301F-11D3-BF4B-00C04F79EFBC}") = "Week1.Example3d", "Week1.Example3d\Week1.Example3d.csproj", "{376356E0-EC3B-42C8-BE1C-115FA51D14E4}"
EndProject
Project("{FAE04EC0-301F-11D3-BF4B-00C04F79EFBC}") = "Week2.Cup", "Week2.Cup\Week2.Cup.csproj", "{0C7A175E-D1ED-438F-822F-C2E88EC7E467}"
EndProject
Project("{FAE04EC0-301F-11D3-BF4B-00C04F79EFBC}") = "Week1.Example1a", "Week1.Example1a\Week1.Example1a.csproj", "{03F71FDD-73B2-4981-8D5E-2AF5AD4C5B8A}"
EndProject
Project("{FAE04EC0-301F-11D3-BF4B-00C04F79EFBC}") = "Week1.Example1b", "Week1.Example1b\Week1.Example1b.csproj", "{D51609CF-905C-4DC7-8A95-BCD2C81911E4}"
EndProject
Project("{FAE04EC0-301F-11D3-BF4B-00C04F79EFBC}") = "Week1.Example2a", "Week1.Example2a\Week1.Example2a.csproj", "{8681AE81-CED7-479E-A6EE-0D2D19E5AECF}"
EndProject
Project("{FAE04EC0-301F-11D3-BF4B-00C04F79EFBC}") = "Week1.Example2b", "Week1.Example2b\Week1.Example2b.csproj", "{A6D4165F-2976-47A3-8B6A-A98B66987C93}"
EndProject
Global
	GlobalSection(SolutionConfigurationPlatforms) = preSolution
		Debug|Any CPU = Debug|Any CPU
		Debug|ARM = Debug|ARM
		Debug|x64 = Debug|x64
		Debug|x86 = Debug|x86
		Release|Any CPU = Release|Any CPU
		Release|ARM = Release|ARM
		Release|x64 = Release|x64
		Release|x86 = Release|x86
	EndGlobalSection
	GlobalSection(ProjectConfigurationPlatforms) = postSolution
		{19035241-B362-45A4-85FC-087E9EB0B617}.Debug|Any CPU.ActiveCfg = Debug|Any CPU
		{19035241-B362-45A4-85FC-087E9EB0B617}.Debug|Any CPU.Build.0 = Debug|Any CPU
		{19035241-B362-45A4-85FC-087E9EB0B617}.Debug|ARM.ActiveCfg = Debug|Any CPU
		{19035241-B362-45A4-85FC-087E9EB0B617}.Debug|ARM.Build.0 = Debug|Any CPU
		{19035241-B362-45A4-85FC-087E9EB0B617}.Debug|x64.ActiveCfg = Debug|Any CPU
		{19035241-B362-45A4-85FC-087E9EB0B617}.Debug|x64.Build.0 = Debug|Any CPU
		{19035241-B362-45A4-85FC-087E9EB0B617}.Debug|x86.ActiveCfg = Debug|Any CPU
		{19035241-B362-45A4-85FC-087E9EB0B617}.Debug|x86.Build.0 = Debug|Any CPU
		{19035241-B362-45A4-85FC-087E9EB0B617}.Release|Any CPU.ActiveCfg = Release|Any CPU
		{19035241-B362-45A4-85FC-087E9EB0B617}.Release|Any CPU.Build.0 = Release|Any CPU
		{19035241-B362-45A4-85FC-087E9EB0B617}.Release|ARM.ActiveCfg = Release|Any CPU
		{19035241-B362-45A4-85FC-087E9EB0B617}.Release|ARM.Build.0 = Release|Any CPU
		{19035241-B362-45A4-85FC-087E9EB0B617}.Release|x64.ActiveCfg = Release|Any CPU
		{19035241-B362-45A4-85FC-087E9EB0B617}.Release|x64.Build.0 = Release|Any CPU
		{19035241-B362-45A4-85FC-087E9EB0B617}.Release|x86.ActiveCfg = Release|Any CPU
		{19035241-B362-45A4-85FC-087E9EB0B617}.Release|x86.Build.0 = Release|Any CPU
		{DE13E748-A9BC-48AE-8460-11A13223B74F}.Debug|Any CPU.ActiveCfg = Debug|Any CPU
		{DE13E748-A9BC-48AE-8460-11A13223B74F}.Debug|Any CPU.Build.0 = Debug|Any CPU
		{DE13E748-A9BC-48AE-8460-11A13223B74F}.Debug|ARM.ActiveCfg = Debug|Any CPU
		{DE13E748-A9BC-48AE-8460-11A13223B74F}.Debug|ARM.Build.0 = Debug|Any CPU
		{DE13E748-A9BC-48AE-8460-11A13223B74F}.Debug|x64.ActiveCfg = Debug|Any CPU
		{DE13E748-A9BC-48AE-8460-11A13223B74F}.Debug|x64.Build.0 = Debug|Any CPU
		{DE13E748-A9BC-48AE-8460-11A13223B74F}.Debug|x86.ActiveCfg = Debug|Any CPU
		{DE13E748-A9BC-48AE-8460-11A13223B74F}.Debug|x86.Build.0 = Debug|Any CPU
		{DE13E748-A9BC-48AE-8460-11A13223B74F}.Release|Any CPU.ActiveCfg = Release|Any CPU
		{DE13E748-A9BC-48AE-8460-11A13223B74F}.Release|Any CPU.Build.0 = Release|Any CPU
		{DE13E748-A9BC-48AE-8460-11A13223B74F}.Release|ARM.ActiveCfg = Release|Any CPU
		{DE13E748-A9BC-48AE-8460-11A13223B74F}.Release|ARM.Build.0 = Release|Any CPU
		{DE13E748-A9BC-48AE-8460-11A13223B74F}.Release|x64.ActiveCfg = Release|Any CPU
		{DE13E748-A9BC-48AE-8460-11A13223B74F}.Release|x64.Build.0 = Release|Any CPU
		{DE13E748-A9BC-48AE-8460-11A13223B74F}.Release|x86.ActiveCfg = Release|Any CPU
		{DE13E748-A9BC-48AE-8460-11A13223B74F}.Release|x86.Build.0 = Release|Any CPU
		{5678E051-3FA4-4041-B6D0-30C7299465D8}.Debug|Any CPU.ActiveCfg = Debug|Any CPU
		{5678E051-3FA4-4041-B6D0-30C7299465D8}.Debug|Any CPU.Build.0 = Debug|Any CPU
		{5678E051-3FA4-4041-B6D0-30C7299465D8}.Debug|ARM.ActiveCfg = Debug|Any CPU
		{5678E051-3FA4-4041-B6D0-30C7299465D8}.Debug|ARM.Build.0 = Debug|Any CPU
		{5678E051-3FA4-4041-B6D0-30C7299465D8}.Debug|x64.ActiveCfg = Debug|Any CPU
		{5678E051-3FA4-4041-B6D0-30C7299465D8}.Debug|x64.Build.0 = Debug|Any CPU
		{5678E051-3FA4-4041-B6D0-30C7299465D8}.Debug|x86.ActiveCfg = Debug|Any CPU
		{5678E051-3FA4-4041-B6D0-30C7299465D8}.Debug|x86.Build.0 = Debug|Any CPU
		{5678E051-3FA4-4041-B6D0-30C7299465D8}.Release|Any CPU.ActiveCfg = Release|Any CPU
		{5678E051-3FA4-4041-B6D0-30C7299465D8}.Release|Any CPU.Build.0 = Release|Any CPU
		{5678E051-3FA4-4041-B6D0-30C7299465D8}.Release|ARM.ActiveCfg = Release|Any CPU
		{5678E051-3FA4-4041-B6D0-30C7299465D8}.Release|ARM.Build.0 = Release|Any CPU
		{5678E051-3FA4-4041-B6D0-30C7299465D8}.Release|x64.ActiveCfg = Release|Any CPU
		{5678E051-3FA4-4041-B6D0-30C7299465D8}.Release|x64.Build.0 = Release|Any CPU
		{5678E051-3FA4-4041-B6D0-30C7299465D8}.Release|x86.ActiveCfg = Release|Any CPU
		{5678E051-3FA4-4041-B6D0-30C7299465D8}.Release|x86.Build.0 = Release|Any CPU
		{376356E0-EC3B-42C8-BE1C-115FA51D14E4}.Debug|Any CPU.ActiveCfg = Debug|Any CPU
		{376356E0-EC3B-42C8-BE1C-115FA51D14E4}.Debug|Any CPU.Build.0 = Debug|Any CPU
		{376356E0-EC3B-42C8-BE1C-115FA51D14E4}.Debug|ARM.ActiveCfg = Debug|Any CPU
		{376356E0-EC3B-42C8-BE1C-115FA51D14E4}.Debug|ARM.Build.0 = Debug|Any CPU
		{376356E0-EC3B-42C8-BE1C-115FA51D14E4}.Debug|x64.ActiveCfg = Debug|Any CPU
		{376356E0-EC3B-42C8-BE1C-115FA51D14E4}.Debug|x64.Build.0 = Debug|Any CPU
		{376356E0-EC3B-42C8-BE1C-115FA51D14E4}.Debug|x86.ActiveCfg = Debug|Any CPU
		{376356E0-EC3B-42C8-BE1C-115FA51D14E4}.Debug|x86.Build.0 = Debug|Any CPU
		{376356E0-EC3B-42C8-BE1C-115FA51D14E4}.Release|Any CPU.ActiveCfg = Release|Any CPU
		{376356E0-EC3B-42C8-BE1C-115FA51D14E4}.Release|Any CPU.Build.0 = Release|Any CPU
		{376356E0-EC3B-42C8-BE1C-115FA51D14E4}.Release|ARM.ActiveCfg = Release|Any CPU
		{376356E0-EC3B-42C8-BE1C-115FA51D14E4}.Release|ARM.Build.0 = Release|Any CPU
		{376356E0-EC3B-42C8-BE1C-115FA51D14E4}.Release|x64.ActiveCfg = Release|Any CPU
		{376356E0-EC3B-42C8-BE1C-115FA51D14E4}.Release|x64.Build.0 = Release|Any CPU
		{376356E0-EC3B-42C8-BE1C-115FA51D14E4}.Release|x86.ActiveCfg = Release|Any CPU
		{376356E0-EC3B-42C8-BE1C-115FA51D14E4}.Release|x86.Build.0 = Release|Any CPU
		{0C7A175E-D1ED-438F-822F-C2E88EC7E467}.Debug|Any CPU.ActiveCfg = Debug|Any CPU
		{0C7A175E-D1ED-438F-822F-C2E88EC7E467}.Debug|Any CPU.Build.0 = Debug|Any CPU
		{0C7A175E-D1ED-438F-822F-C2E88EC7E467}.Debug|ARM.ActiveCfg = Debug|Any CPU
		{0C7A175E-D1ED-438F-822F-C2E88EC7E467}.Debug|ARM.Build.0 = Debug|Any CPU
		{0C7A175E-D1ED-438F-822F-C2E88EC7E467}.Debug|x64.ActiveCfg = Debug|Any CPU
		{0C7A175E-D1ED-438F-822F-C2E88EC7E467}.Debug|x64.Build.0 = Debug|Any CPU
		{0C7A175E-D1ED-438F-822F-C2E88EC7E467}.Debug|x86.ActiveCfg = Debug|Any CPU
		{0C7A175E-D1ED-438F-822F-C2E88EC7E467}.Debug|x86.Build.0 = Debug|Any CPU
		{0C7A175E-D1ED-438F-822F-C2E88EC7E467}.Release|Any CPU.ActiveCfg = Release|Any CPU
		{0C7A175E-D1ED-438F-822F-C2E88EC7E467}.Release|Any CPU.Build.0 = Release|Any CPU
		{0C7A175E-D1ED-438F-822F-C2E88EC7E467}.Release|ARM.ActiveCfg = Release|Any CPU
		{0C7A175E-D1ED-438F-822F-C2E88EC7E467}.Release|ARM.Build.0 = Release|Any CPU
		{0C7A175E-D1ED-438F-822F-C2E88EC7E467}.Release|x64.ActiveCfg = Release|Any CPU
		{0C7A175E-D1ED-438F-822F-C2E88EC7E467}.Release|x64.Build.0 = Release|Any CPU
		{0C7A175E-D1ED-438F-822F-C2E88EC7E467}.Release|x86.ActiveCfg = Release|Any CPU
		{0C7A175E-D1ED-438F-822F-C2E88EC7E467}.Release|x86.Build.0 = Release|Any CPU
		{03F71FDD-73B2-4981-8D5E-2AF5AD4C5B8A}.Debug|Any CPU.ActiveCfg = Debug|Any CPU
		{03F71FDD-73B2-4981-8D5E-2AF5AD4C5B8A}.Debug|Any CPU.Build.0 = Debug|Any CPU
		{03F71FDD-73B2-4981-8D5E-2AF5AD4C5B8A}.Debug|ARM.ActiveCfg = Debug|Any CPU
		{03F71FDD-73B2-4981-8D5E-2AF5AD4C5B8A}.Debug|ARM.Build.0 = Debug|Any CPU
		{03F71FDD-73B2-4981-8D5E-2AF5AD4C5B8A}.Debug|x64.ActiveCfg = Debug|Any CPU
		{03F71FDD-73B2-4981-8D5E-2AF5AD4C5B8A}.Debug|x64.Build.0 = Debug|Any CPU
		{03F71FDD-73B2-4981-8D5E-2AF5AD4C5B8A}.Debug|x86.ActiveCfg = Debug|Any CPU
		{03F71FDD-73B2-4981-8D5E-2AF5AD4C5B8A}.Debug|x86.Build.0 = Debug|Any CPU
		{03F71FDD-73B2-4981-8D5E-2AF5AD4C5B8A}.Release|Any CPU.ActiveCfg = Release|Any CPU
		{03F71FDD-73B2-4981-8D5E-2AF5AD4C5B8A}.Release|Any CPU.Build.0 = Release|Any CPU
		{03F71FDD-73B2-4981-8D5E-2AF5AD4C5B8A}.Release|ARM.ActiveCfg = Release|Any CPU
		{03F71FDD-73B2-4981-8D5E-2AF5AD4C5B8A}.Release|ARM.Build.0 = Release|Any CPU
		{03F71FDD-73B2-4981-8D5E-2AF5AD4C5B8A}.Release|x64.ActiveCfg = Release|Any CPU
		{03F71FDD-73B2-4981-8D5E-2AF5AD4C5B8A}.Release|x64.Build.0 = Release|Any CPU
		{03F71FDD-73B2-4981-8D5E-2AF5AD4C5B8A}.Release|x86.ActiveCfg = Release|Any CPU
		{03F71FDD-73B2-4981-8D5E-2AF5AD4C5B8A}.Release|x86.Build.0 = Release|Any CPU
		{D51609CF-905C-4DC7-8A95-BCD2C81911E4}.Debug|Any CPU.ActiveCfg = Debug|Any CPU
		{D51609CF-905C-4DC7-8A95-BCD2C81911E4}.Debug|Any CPU.Build.0 = Debug|Any CPU
		{D51609CF-905C-4DC7-8A95-BCD2C81911E4}.Debug|ARM.ActiveCfg = Debug|Any CPU
		{D51609CF-905C-4DC7-8A95-BCD2C81911E4}.Debug|ARM.Build.0 = Debug|Any CPU
		{D51609CF-905C-4DC7-8A95-BCD2C81911E4}.Debug|x64.ActiveCfg = Debug|Any CPU
		{D51609CF-905C-4DC7-8A95-BCD2C81911E4}.Debug|x64.Build.0 = Debug|Any CPU
		{D51609CF-905C-4DC7-8A95-BCD2C81911E4}.Debug|x86.ActiveCfg = Debug|Any CPU
		{D51609CF-905C-4DC7-8A95-BCD2C81911E4}.Debug|x86.Build.0 = Debug|Any CPU
		{D51609CF-905C-4DC7-8A95-BCD2C81911E4}.Release|Any CPU.ActiveCfg = Release|Any CPU
		{D51609CF-905C-4DC7-8A95-BCD2C81911E4}.Release|Any CPU.Build.0 = Release|Any CPU
		{D51609CF-905C-4DC7-8A95-BCD2C81911E4}.Release|ARM.ActiveCfg = Release|Any CPU
		{D51609CF-905C-4DC7-8A95-BCD2C81911E4}.Release|ARM.Build.0 = Release|Any CPU
		{D51609CF-905C-4DC7-8A95-BCD2C81911E4}.Release|x64.ActiveCfg = Release|Any CPU
		{D51609CF-905C-4DC7-8A95-BCD2C81911E4}.Release|x64.Build.0 = Release|Any CPU
		{D51609CF-905C-4DC7-8A95-BCD2C81911E4}.Release|x86.ActiveCfg = Release|Any CPU
		{D51609CF-905C-4DC7-8A95-BCD2C81911E4}.Release|x86.Build.0 = Release|Any CPU
		{8681AE81-CED7-479E-A6EE-0D2D19E5AECF}.Debug|Any CPU.ActiveCfg = Debug|Any CPU
		{8681AE81-CED7-479E-A6EE-0D2D19E5AECF}.Debug|Any CPU.Build.0 = Debug|Any CPU
		{8681AE81-CED7-479E-A6EE-0D2D19E5AECF}.Debug|ARM.ActiveCfg = Debug|Any CPU
		{8681AE81-CED7-479E-A6EE-0D2D19E5AECF}.Debug|ARM.Build.0 = Debug|Any CPU
		{8681AE81-CED7-479E-A6EE-0D2D19E5AECF}.Debug|x64.ActiveCfg = Debug|Any CPU
		{8681AE81-CED7-479E-A6EE-0D2D19E5AECF}.Debug|x64.Build.0 = Debug|Any CPU
		{8681AE81-CED7-479E-A6EE-0D2D19E5AECF}.Debug|x86.ActiveCfg = Debug|Any CPU
		{8681AE81-CED7-479E-A6EE-0D2D19E5AECF}.Debug|x86.Build.0 = Debug|Any CPU
		{8681AE81-CED7-479E-A6EE-0D2D19E5AECF}.Release|Any CPU.ActiveCfg = Release|Any CPU
		{8681AE81-CED7-479E-A6EE-0D2D19E5AECF}.Release|Any CPU.Build.0 = Release|Any CPU
		{8681AE81-CED7-479E-A6EE-0D2D19E5AECF}.Release|ARM.ActiveCfg = Release|Any CPU
		{8681AE81-CED7-479E-A6EE-0D2D19E5AECF}.Release|ARM.Build.0 = Release|Any CPU
		{8681AE81-CED7-479E-A6EE-0D2D19E5AECF}.Release|x64.ActiveCfg = Release|Any CPU
		{8681AE81-CED7-479E-A6EE-0D2D19E5AECF}.Release|x64.Build.0 = Release|Any CPU
		{8681AE81-CED7-479E-A6EE-0D2D19E5AECF}.Release|x86.ActiveCfg = Release|Any CPU
		{8681AE81-CED7-479E-A6EE-0D2D19E5AECF}.Release|x86.Build.0 = Release|Any CPU
		{A6D4165F-2976-47A3-8B6A-A98B66987C93}.Debug|Any CPU.ActiveCfg = Debug|Any CPU
		{A6D4165F-2976-47A3-8B6A-A98B66987C93}.Debug|Any CPU.Build.0 = Debug|Any CPU
		{A6D4165F-2976-47A3-8B6A-A98B66987C93}.Debug|ARM.ActiveCfg = Debug|Any CPU
		{A6D4165F-2976-47A3-8B6A-A98B66987C93}.Debug|ARM.Build.0 = Debug|Any CPU
		{A6D4165F-2976-47A3-8B6A-A98B66987C93}.Debug|x64.ActiveCfg = Debug|Any CPU
		{A6D4165F-2976-47A3-8B6A-A98B66987C93}.Debug|x64.Build.0 = Debug|Any CPU
		{A6D4165F-2976-47A3-8B6A-A98B66987C93}.Debug|x86.ActiveCfg = Debug|Any CPU
		{A6D4165F-2976-47A3-8B6A-A98B66987C93}.Debug|x86.Build.0 = Debug|Any CPU
		{A6D4165F-2976-47A3-8B6A-A98B66987C93}.Release|Any CPU.ActiveCfg = Release|Any CPU
		{A6D4165F-2976-47A3-8B6A-A98B66987C93}.Release|Any CPU.Build.0 = Release|Any CPU
		{A6D4165F-2976-47A3-8B6A-A98B66987C93}.Release|ARM.ActiveCfg = Release|Any CPU
		{A6D4165F-2976-47A3-8B6A-A98B66987C93}.Release|ARM.Build.0 = Release|Any CPU
		{A6D4165F-2976-47A3-8B6A-A98B66987C93}.Release|x64.ActiveCfg = Release|Any CPU
		{A6D4165F-2976-47A3-8B6A-A98B66987C93}.Release|x64.Build.0 = Release|Any CPU
		{A6D4165F-2976-47A3-8B6A-A98B66987C93}.Release|x86.ActiveCfg = Release|Any CPU
		{A6D4165F-2976-47A3-8B6A-A98B66987C93}.Release|x86.Build.0 = Release|Any CPU
	EndGlobalSection
	GlobalSection(SolutionProperties) = preSolution
		HideSolutionNode = FALSE
	EndGlobalSection
EndGlobal
