
Microsoft Visual Studio Solution File, Format Version 12.00
# Visual Studio 14
VisualStudioVersion = 14.0.25420.1
MinimumVisualStudioVersion = 10.0.40219.1
Project("{FAE04EC0-301F-11D3-BF4B-00C04F79EFBC}") = "ConsoleApp", "ConsoleApp\ConsoleApp.csproj", "{86C29DB7-3ADC-4321-9B9D-9FF0A6020051}"
EndProject
Project("{FAE04EC0-301F-11D3-BF4B-00C04F79EFBC}") = "PortableLibrary", "PortableLibrary\PortableLibrary.csproj", "{EFBD047B-5B65-4A94-9E93-E51933C8EAEF}"
EndProject
Global
	GlobalSection(SolutionConfigurationPlatforms) = preSolution
		Debug|Any CPU = Debug|Any CPU
		Debug|ARM = Debug|ARM
		Debug|x64 = Debug|x64
		Debug|x86 = Debug|x86
		Release|Any CPU = Release|Any CPU
		Release|ARM = Release|ARM
		Release|x64 = Release|x64
		Release|x86 = Release|x86
	EndGlobalSection
	GlobalSection(ProjectConfigurationPlatforms) = postSolution
		{86C29DB7-3ADC-4321-9B9D-9FF0A6020051}.Debug|Any CPU.ActiveCfg = Debug|Any CPU
		{86C29DB7-3ADC-4321-9B9D-9FF0A6020051}.Debug|Any CPU.Build.0 = Debug|Any CPU
		{86C29DB7-3ADC-4321-9B9D-9FF0A6020051}.Debug|ARM.ActiveCfg = Debug|Any CPU
		{86C29DB7-3ADC-4321-9B9D-9FF0A6020051}.Debug|ARM.Build.0 = Debug|Any CPU
		{86C29DB7-3ADC-4321-9B9D-9FF0A6020051}.Debug|x64.ActiveCfg = Debug|Any CPU
		{86C29DB7-3ADC-4321-9B9D-9FF0A6020051}.Debug|x64.Build.0 = Debug|Any CPU
		{86C29DB7-3ADC-4321-9B9D-9FF0A6020051}.Debug|x86.ActiveCfg = Debug|Any CPU
		{86C29DB7-3ADC-4321-9B9D-9FF0A6020051}.Debug|x86.Build.0 = Debug|Any CPU
		{86C29DB7-3ADC-4321-9B9D-9FF0A6020051}.Release|Any CPU.ActiveCfg = Release|Any CPU
		{86C29DB7-3ADC-4321-9B9D-9FF0A6020051}.Release|Any CPU.Build.0 = Release|Any CPU
		{86C29DB7-3ADC-4321-9B9D-9FF0A6020051}.Release|ARM.ActiveCfg = Release|Any CPU
		{86C29DB7-3ADC-4321-9B9D-9FF0A6020051}.Release|ARM.Build.0 = Release|Any CPU
		{86C29DB7-3ADC-4321-9B9D-9FF0A6020051}.Release|x64.ActiveCfg = Release|Any CPU
		{86C29DB7-3ADC-4321-9B9D-9FF0A6020051}.Release|x64.Build.0 = Release|Any CPU
		{86C29DB7-3ADC-4321-9B9D-9FF0A6020051}.Release|x86.ActiveCfg = Release|Any CPU
		{86C29DB7-3ADC-4321-9B9D-9FF0A6020051}.Release|x86.Build.0 = Release|Any CPU
		{EFBD047B-5B65-4A94-9E93-E51933C8EAEF}.Debug|Any CPU.ActiveCfg = Debug|Any CPU
		{EFBD047B-5B65-4A94-9E93-E51933C8EAEF}.Debug|Any CPU.Build.0 = Debug|Any CPU
		{EFBD047B-5B65-4A94-9E93-E51933C8EAEF}.Debug|ARM.ActiveCfg = Debug|Any CPU
		{EFBD047B-5B65-4A94-9E93-E51933C8EAEF}.Debug|ARM.Build.0 = Debug|Any CPU
		{EFBD047B-5B65-4A94-9E93-E51933C8EAEF}.Debug|x64.ActiveCfg = Debug|Any CPU
		{EFBD047B-5B65-4A94-9E93-E51933C8EAEF}.Debug|x64.Build.0 = Debug|Any CPU
		{EFBD047B-5B65-4A94-9E93-E51933C8EAEF}.Debug|x86.ActiveCfg = Debug|Any CPU
		{EFBD047B-5B65-4A94-9E93-E51933C8EAEF}.Debug|x86.Build.0 = Debug|Any CPU
		{EFBD047B-5B65-4A94-9E93-E51933C8EAEF}.Release|Any CPU.ActiveCfg = Release|Any CPU
		{EFBD047B-5B65-4A94-9E93-E51933C8EAEF}.Release|Any CPU.Build.0 = Release|Any CPU
		{EFBD047B-5B65-4A94-9E93-E51933C8EAEF}.Release|ARM.ActiveCfg = Release|Any CPU
		{EFBD047B-5B65-4A94-9E93-E51933C8EAEF}.Release|ARM.Build.0 = Release|Any CPU
		{EFBD047B-5B65-4A94-9E93-E51933C8EAEF}.Release|x64.ActiveCfg = Release|Any CPU
		{EFBD047B-5B65-4A94-9E93-E51933C8EAEF}.Release|x64.Build.0 = Release|Any CPU
		{EFBD047B-5B65-4A94-9E93-E51933C8EAEF}.Release|x86.ActiveCfg = Release|Any CPU
		{EFBD047B-5B65-4A94-9E93-E51933C8EAEF}.Release|x86.Build.0 = Release|Any CPU
	EndGlobalSection
	GlobalSection(SolutionProperties) = preSolution
		HideSolutionNode = FALSE
	EndGlobalSection
EndGlobal
